// !$*UTF8*$!
{
	archiveVersion = 1;
	classes = {
	};
	objectVersion = 55;
	objects = {

/* Begin PBXBuildFile section */
		D31C1D6A272913E20062330A /* Article+CoreDataClass.swift in Sources */ = {isa = PBXBuildFile; fileRef = D31C1D68272913E20062330A /* Article+CoreDataClass.swift */; };
		D31C1D6B272913E20062330A /* Article+CoreDataProperties.swift in Sources */ = {isa = PBXBuildFile; fileRef = D31C1D69272913E20062330A /* Article+CoreDataProperties.swift */; };
		D31F74FD272A522300421A9C /* SourceViewController.swift in Sources */ = {isa = PBXBuildFile; fileRef = D31F74FC272A522300421A9C /* SourceViewController.swift */; };
		D335C2A927304D9700120F2F /* NetworkManager.swift in Sources */ = {isa = PBXBuildFile; fileRef = D335C2A827304D9700120F2F /* NetworkManager.swift */; };
		D335C2AB2730530C00120F2F /* DataManager.swift in Sources */ = {isa = PBXBuildFile; fileRef = D335C2AA2730530C00120F2F /* DataManager.swift */; };
		D3BDB49A272B15120046F534 /* SourceItemEntity+CoreDataClass.swift in Sources */ = {isa = PBXBuildFile; fileRef = D3BDB498272B15120046F534 /* SourceItemEntity+CoreDataClass.swift */; };
		D3BDB49B272B15120046F534 /* SourceItemEntity+CoreDataProperties.swift in Sources */ = {isa = PBXBuildFile; fileRef = D3BDB499272B15120046F534 /* SourceItemEntity+CoreDataProperties.swift */; };
		D3C6A94B2726E7D70035801A /* AppDelegate.swift in Sources */ = {isa = PBXBuildFile; fileRef = D3C6A94A2726E7D70035801A /* AppDelegate.swift */; };
		D3C6A94D2726E7D70035801A /* SceneDelegate.swift in Sources */ = {isa = PBXBuildFile; fileRef = D3C6A94C2726E7D70035801A /* SceneDelegate.swift */; };
		D3C6A94F2726E7D70035801A /* ViewController.swift in Sources */ = {isa = PBXBuildFile; fileRef = D3C6A94E2726E7D70035801A /* ViewController.swift */; };
		D3C6A9522726E7D70035801A /* Main.storyboard in Resources */ = {isa = PBXBuildFile; fileRef = D3C6A9502726E7D70035801A /* Main.storyboard */; };
		D3C6A9552726E7D70035801A /* info_systems_problem.xcdatamodeld in Sources */ = {isa = PBXBuildFile; fileRef = D3C6A9532726E7D70035801A /* info_systems_problem.xcdatamodeld */; };
		D3C6A9572726E7D90035801A /* Assets.xcassets in Resources */ = {isa = PBXBuildFile; fileRef = D3C6A9562726E7D90035801A /* Assets.xcassets */; };
		D3C6A95A2726E7D90035801A /* LaunchScreen.storyboard in Resources */ = {isa = PBXBuildFile; fileRef = D3C6A9582726E7D90035801A /* LaunchScreen.storyboard */; };
		D3C6A9622727CD5D0035801A /* APICaller.swift in Sources */ = {isa = PBXBuildFile; fileRef = D3C6A9612727CD5D0035801A /* APICaller.swift */; };
		D3C6A9642727DAB40035801A /* NewsTableViewCell.swift in Sources */ = {isa = PBXBuildFile; fileRef = D3C6A9632727DAB40035801A /* NewsTableViewCell.swift */; };
/* End PBXBuildFile section */

/* Begin PBXFileReference section */
		D31C1D68272913E20062330A /* Article+CoreDataClass.swift */ = {isa = PBXFileReference; lastKnownFileType = sourcecode.swift; path = "Article+CoreDataClass.swift"; sourceTree = "<group>"; };
		D31C1D69272913E20062330A /* Article+CoreDataProperties.swift */ = {isa = PBXFileReference; lastKnownFileType = sourcecode.swift; path = "Article+CoreDataProperties.swift"; sourceTree = "<group>"; };
		D31F74FC272A522300421A9C /* SourceViewController.swift */ = {isa = PBXFileReference; lastKnownFileType = sourcecode.swift; path = SourceViewController.swift; sourceTree = "<group>"; };
		D335C2A827304D9700120F2F /* NetworkManager.swift */ = {isa = PBXFileReference; lastKnownFileType = sourcecode.swift; path = NetworkManager.swift; sourceTree = "<group>"; };
		D335C2AA2730530C00120F2F /* DataManager.swift */ = {isa = PBXFileReference; lastKnownFileType = sourcecode.swift; path = DataManager.swift; sourceTree = "<group>"; };
		D3BDB498272B15120046F534 /* SourceItemEntity+CoreDataClass.swift */ = {isa = PBXFileReference; lastKnownFileType = sourcecode.swift; path = "SourceItemEntity+CoreDataClass.swift"; sourceTree = "<group>"; };
		D3BDB499272B15120046F534 /* SourceItemEntity+CoreDataProperties.swift */ = {isa = PBXFileReference; lastKnownFileType = sourcecode.swift; path = "SourceItemEntity+CoreDataProperties.swift"; sourceTree = "<group>"; };
		D3C6A9472726E7D70035801A /* info_systems_problem.app */ = {isa = PBXFileReference; explicitFileType = wrapper.application; includeInIndex = 0; path = info_systems_problem.app; sourceTree = BUILT_PRODUCTS_DIR; };
		D3C6A94A2726E7D70035801A /* AppDelegate.swift */ = {isa = PBXFileReference; lastKnownFileType = sourcecode.swift; path = AppDelegate.swift; sourceTree = "<group>"; };
		D3C6A94C2726E7D70035801A /* SceneDelegate.swift */ = {isa = PBXFileReference; lastKnownFileType = sourcecode.swift; path = SceneDelegate.swift; sourceTree = "<group>"; };
		D3C6A94E2726E7D70035801A /* ViewController.swift */ = {isa = PBXFileReference; lastKnownFileType = sourcecode.swift; path = ViewController.swift; sourceTree = "<group>"; };
		D3C6A9512726E7D70035801A /* Base */ = {isa = PBXFileReference; lastKnownFileType = file.storyboard; name = Base; path = Base.lproj/Main.storyboard; sourceTree = "<group>"; };
		D3C6A9542726E7D70035801A /* info_systems_problem.xcdatamodel */ = {isa = PBXFileReference; lastKnownFileType = wrapper.xcdatamodel; path = info_systems_problem.xcdatamodel; sourceTree = "<group>"; };
		D3C6A9562726E7D90035801A /* Assets.xcassets */ = {isa = PBXFileReference; lastKnownFileType = folder.assetcatalog; path = Assets.xcassets; sourceTree = "<group>"; };
		D3C6A9592726E7D90035801A /* Base */ = {isa = PBXFileReference; lastKnownFileType = file.storyboard; name = Base; path = Base.lproj/LaunchScreen.storyboard; sourceTree = "<group>"; };
		D3C6A95B2726E7D90035801A /* Info.plist */ = {isa = PBXFileReference; lastKnownFileType = text.plist.xml; path = Info.plist; sourceTree = "<group>"; };
		D3C6A9612727CD5D0035801A /* APICaller.swift */ = {isa = PBXFileReference; lastKnownFileType = sourcecode.swift; path = APICaller.swift; sourceTree = "<group>"; };
		D3C6A9632727DAB40035801A /* NewsTableViewCell.swift */ = {isa = PBXFileReference; lastKnownFileType = sourcecode.swift; path = NewsTableViewCell.swift; sourceTree = "<group>"; };
/* End PBXFileReference section */

/* Begin PBXFrameworksBuildPhase section */
		D3C6A9442726E7D70035801A /* Frameworks */ = {
			isa = PBXFrameworksBuildPhase;
			buildActionMask = 2147483647;
			files = (
			);
			runOnlyForDeploymentPostprocessing = 0;
		};
/* End PBXFrameworksBuildPhase section */

/* Begin PBXGroup section */
		D31C1D6C272913F40062330A /* CoreData */ = {
			isa = PBXGroup;
			children = (
				D31C1D68272913E20062330A /* Article+CoreDataClass.swift */,
				D31C1D69272913E20062330A /* Article+CoreDataProperties.swift */,
				D3BDB498272B15120046F534 /* SourceItemEntity+CoreDataClass.swift */,
				D3BDB499272B15120046F534 /* SourceItemEntity+CoreDataProperties.swift */,
			);
			path = CoreData;
			sourceTree = "<group>";
		};
		D3C6A93E2726E7D70035801A = {
			isa = PBXGroup;
			children = (
				D3C6A9492726E7D70035801A /* info_systems_problem */,
				D3C6A9482726E7D70035801A /* Products */,
			);
			sourceTree = "<group>";
		};
		D3C6A9482726E7D70035801A /* Products */ = {
			isa = PBXGroup;
			children = (
				D3C6A9472726E7D70035801A /* info_systems_problem.app */,
			);
			name = Products;
			sourceTree = "<group>";
		};
		D3C6A9492726E7D70035801A /* info_systems_problem */ = {
			isa = PBXGroup;
			children = (
				D31C1D6C272913F40062330A /* CoreData */,
				D3C6A94A2726E7D70035801A /* AppDelegate.swift */,
				D3C6A94C2726E7D70035801A /* SceneDelegate.swift */,
				D3C6A94E2726E7D70035801A /* ViewController.swift */,
				D31F74FC272A522300421A9C /* SourceViewController.swift */,
				D3C6A9632727DAB40035801A /* NewsTableViewCell.swift */,
				D3C6A9612727CD5D0035801A /* APICaller.swift */,
				D335C2A827304D9700120F2F /* NetworkManager.swift */,
				D335C2AA2730530C00120F2F /* DataManager.swift */,
				D3C6A9502726E7D70035801A /* Main.storyboard */,
				D3C6A9562726E7D90035801A /* Assets.xcassets */,
				D3C6A9582726E7D90035801A /* LaunchScreen.storyboard */,
				D3C6A95B2726E7D90035801A /* Info.plist */,
				D3C6A9532726E7D70035801A /* info_systems_problem.xcdatamodeld */,
			);
			path = info_systems_problem;
			sourceTree = "<group>";
		};
/* End PBXGroup section */

/* Begin PBXNativeTarget section */
		D3C6A9462726E7D70035801A /* info_systems_problem */ = {
			isa = PBXNativeTarget;
			buildConfigurationList = D3C6A95E2726E7D90035801A /* Build configuration list for PBXNativeTarget "info_systems_problem" */;
			buildPhases = (
				D3C6A9432726E7D70035801A /* Sources */,
				D3C6A9442726E7D70035801A /* Frameworks */,
				D3C6A9452726E7D70035801A /* Resources */,
			);
			buildRules = (
			);
			dependencies = (
			);
			name = info_systems_problem;
			productName = info_systems_problem;
			productReference = D3C6A9472726E7D70035801A /* info_systems_problem.app */;
			productType = "com.apple.product-type.application";
		};
/* End PBXNativeTarget section */

/* Begin PBXProject section */
		D3C6A93F2726E7D70035801A /* Project object */ = {
			isa = PBXProject;
			attributes = {
				BuildIndependentTargetsInParallel = 1;
				LastSwiftUpdateCheck = 1300;
				LastUpgradeCheck = 1300;
				TargetAttributes = {
					D3C6A9462726E7D70035801A = {
						CreatedOnToolsVersion = 13.0;
					};
				};
			};
			buildConfigurationList = D3C6A9422726E7D70035801A /* Build configuration list for PBXProject "info_systems_problem" */;
			compatibilityVersion = "Xcode 13.0";
			developmentRegion = en;
			hasScannedForEncodings = 0;
			knownRegions = (
				en,
				Base,
			);
			mainGroup = D3C6A93E2726E7D70035801A;
			productRefGroup = D3C6A9482726E7D70035801A /* Products */;
			projectDirPath = "";
			projectRoot = "";
			targets = (
				D3C6A9462726E7D70035801A /* info_systems_problem */,
			);
		};
/* End PBXProject section */

/* Begin PBXResourcesBuildPhase section */
		D3C6A9452726E7D70035801A /* Resources */ = {
			isa = PBXResourcesBuildPhase;
			buildActionMask = 2147483647;
			files = (
				D3C6A95A2726E7D90035801A /* LaunchScreen.storyboard in Resources */,
				D3C6A9572726E7D90035801A /* Assets.xcassets in Resources */,
				D3C6A9522726E7D70035801A /* Main.storyboard in Resources */,
			);
			runOnlyForDeploymentPostprocessing = 0;
		};
/* End PBXResourcesBuildPhase section */

/* Begin PBXSourcesBuildPhase section */
		D3C6A9432726E7D70035801A /* Sources */ = {
			isa = PBXSourcesBuildPhase;
			buildActionMask = 2147483647;
			files = (
				D335C2A927304D9700120F2F /* NetworkManager.swift in Sources */,
				D3BDB49A272B15120046F534 /* SourceItemEntity+CoreDataClass.swift in Sources */,
				D3C6A9552726E7D70035801A /* info_systems_problem.xcdatamodeld in Sources */,
				D3BDB49B272B15120046F534 /* SourceItemEntity+CoreDataProperties.swift in Sources */,
				D3C6A94F2726E7D70035801A /* ViewController.swift in Sources */,
				D31C1D6A272913E20062330A /* Article+CoreDataClass.swift in Sources */,
				D3C6A9642727DAB40035801A /* NewsTableViewCell.swift in Sources */,
				D31C1D6B272913E20062330A /* Article+CoreDataProperties.swift in Sources */,
				D31F74FD272A522300421A9C /* SourceViewController.swift in Sources */,
				D3C6A94B2726E7D70035801A /* AppDelegate.swift in Sources */,
				D3C6A9622727CD5D0035801A /* APICaller.swift in Sources */,
				D335C2AB2730530C00120F2F /* DataManager.swift in Sources */,
				D3C6A94D2726E7D70035801A /* SceneDelegate.swift in Sources */,
			);
			runOnlyForDeploymentPostprocessing = 0;
		};
/* End PBXSourcesBuildPhase section */

/* Begin PBXVariantGroup section */
		D3C6A9502726E7D70035801A /* Main.storyboard */ = {
			isa = PBXVariantGroup;
			children = (
				D3C6A9512726E7D70035801A /* Base */,
			);
			name = Main.storyboard;
			sourceTree = "<group>";
		};
		D3C6A9582726E7D90035801A /* LaunchScreen.storyboard */ = {
			isa = PBXVariantGroup;
			children = (
				D3C6A9592726E7D90035801A /* Base */,
			);
			name = LaunchScreen.storyboard;
			sourceTree = "<group>";
		};
/* End PBXVariantGroup section */

/* Begin XCBuildConfiguration section */
		D3C6A95C2726E7D90035801A /* Debug */ = {
			isa = XCBuildConfiguration;
			buildSettings = {
				ALWAYS_SEARCH_USER_PATHS = NO;
				CLANG_ANALYZER_NONNULL = YES;
				CLANG_ANALYZER_NUMBER_OBJECT_CONVERSION = YES_AGGRESSIVE;
				CLANG_CXX_LANGUAGE_STANDARD = "gnu++17";
				CLANG_CXX_LIBRARY = "libc++";
				CLANG_ENABLE_MODULES = YES;
				CLANG_ENABLE_OBJC_ARC = YES;
				CLANG_ENABLE_OBJC_WEAK = YES;
				CLANG_WARN_BLOCK_CAPTURE_AUTORELEASING = YES;
				CLANG_WARN_BOOL_CONVERSION = YES;
				CLANG_WARN_COMMA = YES;
				CLANG_WARN_CONSTANT_CONVERSION = YES;
				CLANG_WARN_DEPRECATED_OBJC_IMPLEMENTATIONS = YES;
				CLANG_WARN_DIRECT_OBJC_ISA_USAGE = YES_ERROR;
				CLANG_WARN_DOCUMENTATION_COMMENTS = YES;
				CLANG_WARN_EMPTY_BODY = YES;
				CLANG_WARN_ENUM_CONVERSION = YES;
				CLANG_WARN_INFINITE_RECURSION = YES;
				CLANG_WARN_INT_CONVERSION = YES;
				CLANG_WARN_NON_LITERAL_NULL_CONVERSION = YES;
				CLANG_WARN_OBJC_IMPLICIT_RETAIN_SELF = YES;
				CLANG_WARN_OBJC_LITERAL_CONVERSION = YES;
				CLANG_WARN_OBJC_ROOT_CLASS = YES_ERROR;
				CLANG_WARN_QUOTED_INCLUDE_IN_FRAMEWORK_HEADER = YES;
				CLANG_WARN_RANGE_LOOP_ANALYSIS = YES;
				CLANG_WARN_STRICT_PROTOTYPES = YES;
				CLANG_WARN_SUSPICIOUS_MOVE = YES;
				CLANG_WARN_UNGUARDED_AVAILABILITY = YES_AGGRESSIVE;
				CLANG_WARN_UNREACHABLE_CODE = YES;
				CLANG_WARN__DUPLICATE_METHOD_MATCH = YES;
				COPY_PHASE_STRIP = NO;
				DEBUG_INFORMATION_FORMAT = dwarf;
				ENABLE_STRICT_OBJC_MSGSEND = YES;
				ENABLE_TESTABILITY = YES;
				GCC_C_LANGUAGE_STANDARD = gnu11;
				GCC_DYNAMIC_NO_PIC = NO;
				GCC_NO_COMMON_BLOCKS = YES;
				GCC_OPTIMIZATION_LEVEL = 0;
				GCC_PREPROCESSOR_DEFINITIONS = (
					"DEBUG=1",
					"$(inherited)",
				);
				GCC_WARN_64_TO_32_BIT_CONVERSION = YES;
				GCC_WARN_ABOUT_RETURN_TYPE = YES_ERROR;
				GCC_WARN_UNDECLARED_SELECTOR = YES;
				GCC_WARN_UNINITIALIZED_AUTOS = YES_AGGRESSIVE;
				GCC_WARN_UNUSED_FUNCTION = YES;
				GCC_WARN_UNUSED_VARIABLE = YES;
				IPHONEOS_DEPLOYMENT_TARGET = 15.0;
				MTL_ENABLE_DEBUG_INFO = INCLUDE_SOURCE;
				MTL_FAST_MATH = YES;
				ONLY_ACTIVE_ARCH = YES;
				SDKROOT = iphoneos;
				SWIFT_ACTIVE_COMPILATION_CONDITIONS = DEBUG;
				SWIFT_OPTIMIZATION_LEVEL = "-Onone";
			};
			name = Debug;
		};
		D3C6A95D2726E7D90035801A /* Release */ = {
			isa = XCBuildConfiguration;
			buildSettings = {
				ALWAYS_SEARCH_USER_PATHS = NO;
				CLANG_ANALYZER_NONNULL = YES;
				CLANG_ANALYZER_NUMBER_OBJECT_CONVERSION = YES_AGGRESSIVE;
				CLANG_CXX_LANGUAGE_STANDARD = "gnu++17";
				CLANG_CXX_LIBRARY = "libc++";
				CLANG_ENABLE_MODULES = YES;
				CLANG_ENABLE_OBJC_ARC = YES;
				CLANG_ENABLE_OBJC_WEAK = YES;
				CLANG_WARN_BLOCK_CAPTURE_AUTORELEASING = YES;
				CLANG_WARN_BOOL_CONVERSION = YES;
				CLANG_WARN_COMMA = YES;
				CLANG_WARN_CONSTANT_CONVERSION = YES;
				CLANG_WARN_DEPRECATED_OBJC_IMPLEMENTATIONS = YES;
				CLANG_WARN_DIRECT_OBJC_ISA_USAGE = YES_ERROR;
				CLANG_WARN_DOCUMENTATION_COMMENTS = YES;
				CLANG_WARN_EMPTY_BODY = YES;
				CLANG_WARN_ENUM_CONVERSION = YES;
				CLANG_WARN_INFINITE_RECURSION = YES;
				CLANG_WARN_INT_CONVERSION = YES;
				CLANG_WARN_NON_LITERAL_NULL_CONVERSION = YES;
				CLANG_WARN_OBJC_IMPLICIT_RETAIN_SELF = YES;
				CLANG_WARN_OBJC_LITERAL_CONVERSION = YES;
				CLANG_WARN_OBJC_ROOT_CLASS = YES_ERROR;
				CLANG_WARN_QUOTED_INCLUDE_IN_FRAMEWORK_HEADER = YES;
				CLANG_WARN_RANGE_LOOP_ANALYSIS = YES;
				CLANG_WARN_STRICT_PROTOTYPES = YES;
				CLANG_WARN_SUSPICIOUS_MOVE = YES;
				CLANG_WARN_UNGUARDED_AVAILABILITY = YES_AGGRESSIVE;
				CLANG_WARN_UNREACHABLE_CODE = YES;
				CLANG_WARN__DUPLICATE_METHOD_MATCH = YES;
				COPY_PHASE_STRIP = NO;
				DEBUG_INFORMATION_FORMAT = "dwarf-with-dsym";
				ENABLE_NS_ASSERTIONS = NO;
				ENABLE_STRICT_OBJC_MSGSEND = YES;
				GCC_C_LANGUAGE_STANDARD = gnu11;
				GCC_NO_COMMON_BLOCKS = YES;
				GCC_WARN_64_TO_32_BIT_CONVERSION = YES;
				GCC_WARN_ABOUT_RETURN_TYPE = YES_ERROR;
				GCC_WARN_UNDECLARED_SELECTOR = YES;
				GCC_WARN_UNINITIALIZED_AUTOS = YES_AGGRESSIVE;
				GCC_WARN_UNUSED_FUNCTION = YES;
				GCC_WARN_UNUSED_VARIABLE = YES;
				IPHONEOS_DEPLOYMENT_TARGET = 15.0;
				MTL_ENABLE_DEBUG_INFO = NO;
				MTL_FAST_MATH = YES;
				SDKROOT = iphoneos;
				SWIFT_COMPILATION_MODE = wholemodule;
				SWIFT_OPTIMIZATION_LEVEL = "-O";
				VALIDATE_PRODUCT = YES;
			};
			name = Release;
		};
		D3C6A95F2726E7D90035801A /* Debug */ = {
			isa = XCBuildConfiguration;
			buildSettings = {
				ASSETCATALOG_COMPILER_APPICON_NAME = AppIcon;
				ASSETCATALOG_COMPILER_GLOBAL_ACCENT_COLOR_NAME = AccentColor;
				CODE_SIGN_IDENTITY = "Apple Development";
				CODE_SIGN_STYLE = Automatic;
				CURRENT_PROJECT_VERSION = 1;
				DEVELOPMENT_TEAM = 95X368593A;
				GENERATE_INFOPLIST_FILE = YES;
				INFOPLIST_FILE = info_systems_problem/Info.plist;
				INFOPLIST_KEY_UIApplicationSupportsIndirectInputEvents = YES;
				INFOPLIST_KEY_UILaunchStoryboardName = LaunchScreen;
				INFOPLIST_KEY_UIMainStoryboardFile = Main;
				INFOPLIST_KEY_UISupportedInterfaceOrientations = UIInterfaceOrientationPortrait;
				INFOPLIST_KEY_UISupportedInterfaceOrientations_iPad = "UIInterfaceOrientationPortrait UIInterfaceOrientationPortraitUpsideDown UIInterfaceOrientationLandscapeLeft UIInterfaceOrientationLandscapeRight";
				INFOPLIST_KEY_UISupportedInterfaceOrientations_iPhone = "UIInterfaceOrientationPortrait UIInterfaceOrientationLandscapeLeft UIInterfaceOrientationLandscapeRight";
				LD_RUNPATH_SEARCH_PATHS = (
					"$(inherited)",
					"@executable_path/Frameworks",
				);
				MARKETING_VERSION = 1.0;
				PRODUCT_BUNDLE_IDENTIFIER = "com.test.info-systems-problem";
				PRODUCT_NAME = "$(TARGET_NAME)";
				PROVISIONING_PROFILE_SPECIFIER = "";
				SWIFT_EMIT_LOC_STRINGS = YES;
				SWIFT_VERSION = 5.0;
				TARGETED_DEVICE_FAMILY = 1;
			};
			name = Debug;
		};
		D3C6A9602726E7D90035801A /* Release */ = {
			isa = XCBuildConfiguration;
			buildSettings = {
				ASSETCATALOG_COMPILER_APPICON_NAME = AppIcon;
				ASSETCATALOG_COMPILER_GLOBAL_ACCENT_COLOR_NAME = AccentColor;
				CODE_SIGN_IDENTITY = "Apple Development";
				CODE_SIGN_STYLE = Automatic;
				CURRENT_PROJECT_VERSION = 1;
				DEVELOPMENT_TEAM = 95X368593A;
				GENERATE_INFOPLIST_FILE = YES;
				INFOPLIST_FILE = info_systems_problem/Info.plist;
				INFOPLIST_KEY_UIApplicationSupportsIndirectInputEvents = YES;
				INFOPLIST_KEY_UILaunchStoryboardName = LaunchScreen;
				INFOPLIST_KEY_UIMainStoryboardFile = Main;
				INFOPLIST_KEY_UISupportedInterfaceOrientations = UIInterfaceOrientationPortrait;
				INFOPLIST_KEY_UISupportedInterfaceOrientations_iPad = "UIInterfaceOrientationPortrait UIInterfaceOrientationPortraitUpsideDown UIInterfaceOrientationLandscapeLeft UIInterfaceOrientationLandscapeRight";
				INFOPLIST_KEY_UISupportedInterfaceOrientations_iPhone = "UIInterfaceOrientationPortrait UIInterfaceOrientationLandscapeLeft UIInterfaceOrientationLandscapeRight";
				LD_RUNPATH_SEARCH_PATHS = (
					"$(inherited)",
					"@executable_path/Frameworks",
				);
				MARKETING_VERSION = 1.0;
				PRODUCT_BUNDLE_IDENTIFIER = "com.test.info-systems-problem";
				PRODUCT_NAME = "$(TARGET_NAME)";
				PROVISIONING_PROFILE_SPECIFIER = "";
				SWIFT_EMIT_LOC_STRINGS = YES;
				SWIFT_VERSION = 5.0;
				TARGETED_DEVICE_FAMILY = 1;
			};
			name = Release;
		};
/* End XCBuildConfiguration section */

/* Begin XCConfigurationList section */
		D3C6A9422726E7D70035801A /* Build configuration list for PBXProject "info_systems_problem" */ = {
			isa = XCConfigurationList;
			buildConfigurations = (
				D3C6A95C2726E7D90035801A /* Debug */,
				D3C6A95D2726E7D90035801A /* Release */,
			);
			defaultConfigurationIsVisible = 0;
			defaultConfigurationName = Release;
		};
		D3C6A95E2726E7D90035801A /* Build configuration list for PBXNativeTarget "info_systems_problem" */ = {
			isa = XCConfigurationList;
			buildConfigurations = (
				D3C6A95F2726E7D90035801A /* Debug */,
				D3C6A9602726E7D90035801A /* Release */,
			);
			defaultConfigurationIsVisible = 0;
			defaultConfigurationName = Release;
		};
/* End XCConfigurationList section */

/* Begin XCVersionGroup section */
		D3C6A9532726E7D70035801A /* info_systems_problem.xcdatamodeld */ = {
			isa = XCVersionGroup;
			children = (
				D3C6A9542726E7D70035801A /* info_systems_problem.xcdatamodel */,
			);
			currentVersion = D3C6A9542726E7D70035801A /* info_systems_problem.xcdatamodel */;
			path = info_systems_problem.xcdatamodeld;
			sourceTree = "<group>";
			versionGroupType = wrapper.xcdatamodel;
		};
/* End XCVersionGroup section */
	};
	rootObject = D3C6A93F2726E7D70035801A /* Project object */;
}
