// !$*UTF8*$!
{
	archiveVersion = 1;
	classes = {
	};
	objectVersion = 55;
	objects = {

/* Begin PBXBuildFile section */
		D364AFC02733AEEA003D59BB /* AppDelegate.swift in Sources */ = {isa = PBXBuildFile; fileRef = D364AFBF2733AEEA003D59BB /* AppDelegate.swift */; };
		D364AFC22733AEEA003D59BB /* SceneDelegate.swift in Sources */ = {isa = PBXBuildFile; fileRef = D364AFC12733AEEA003D59BB /* SceneDelegate.swift */; };
		D364AFC42733AEEA003D59BB /* ViewController.swift in Sources */ = {isa = PBXBuildFile; fileRef = D364AFC32733AEEA003D59BB /* ViewController.swift */; };
		D364AFC72733AEEA003D59BB /* Main.storyboard in Resources */ = {isa = PBXBuildFile; fileRef = D364AFC52733AEEA003D59BB /* Main.storyboard */; };
		D364AFC92733AEEB003D59BB /* Assets.xcassets in Resources */ = {isa = PBXBuildFile; fileRef = D364AFC82733AEEB003D59BB /* Assets.xcassets */; };
		D364AFCC2733AEEB003D59BB /* LaunchScreen.storyboard in Resources */ = {isa = PBXBuildFile; fileRef = D364AFCA2733AEEB003D59BB /* LaunchScreen.storyboard */; };
		D364AFD72733AEEB003D59BB /* spotifyTests.swift in Sources */ = {isa = PBXBuildFile; fileRef = D364AFD62733AEEB003D59BB /* spotifyTests.swift */; };
		D364AFE12733AEEB003D59BB /* spotifyUITests.swift in Sources */ = {isa = PBXBuildFile; fileRef = D364AFE02733AEEB003D59BB /* spotifyUITests.swift */; };
		D364AFE32733AEEB003D59BB /* spotifyUITestsLaunchTests.swift in Sources */ = {isa = PBXBuildFile; fileRef = D364AFE22733AEEB003D59BB /* spotifyUITestsLaunchTests.swift */; };
/* End PBXBuildFile section */

/* Begin PBXContainerItemProxy section */
		D364AFD32733AEEB003D59BB /* PBXContainerItemProxy */ = {
			isa = PBXContainerItemProxy;
			containerPortal = D364AFB42733AEEA003D59BB /* Project object */;
			proxyType = 1;
			remoteGlobalIDString = D364AFBB2733AEEA003D59BB;
			remoteInfo = spotify;
		};
		D364AFDD2733AEEB003D59BB /* PBXContainerItemProxy */ = {
			isa = PBXContainerItemProxy;
			containerPortal = D364AFB42733AEEA003D59BB /* Project object */;
			proxyType = 1;
			remoteGlobalIDString = D364AFBB2733AEEA003D59BB;
			remoteInfo = spotify;
		};
/* End PBXContainerItemProxy section */

/* Begin PBXFileReference section */
		D364AFBC2733AEEA003D59BB /* spotify.app */ = {isa = PBXFileReference; explicitFileType = wrapper.application; includeInIndex = 0; path = spotify.app; sourceTree = BUILT_PRODUCTS_DIR; };
		D364AFBF2733AEEA003D59BB /* AppDelegate.swift */ = {isa = PBXFileReference; lastKnownFileType = sourcecode.swift; path = AppDelegate.swift; sourceTree = "<group>"; };
		D364AFC12733AEEA003D59BB /* SceneDelegate.swift */ = {isa = PBXFileReference; lastKnownFileType = sourcecode.swift; path = SceneDelegate.swift; sourceTree = "<group>"; };
		D364AFC32733AEEA003D59BB /* ViewController.swift */ = {isa = PBXFileReference; lastKnownFileType = sourcecode.swift; path = ViewController.swift; sourceTree = "<group>"; };
		D364AFC62733AEEA003D59BB /* Base */ = {isa = PBXFileReference; lastKnownFileType = file.storyboard; name = Base; path = Base.lproj/Main.storyboard; sourceTree = "<group>"; };
		D364AFC82733AEEB003D59BB /* Assets.xcassets */ = {isa = PBXFileReference; lastKnownFileType = folder.assetcatalog; path = Assets.xcassets; sourceTree = "<group>"; };
		D364AFCB2733AEEB003D59BB /* Base */ = {isa = PBXFileReference; lastKnownFileType = file.storyboard; name = Base; path = Base.lproj/LaunchScreen.storyboard; sourceTree = "<group>"; };
		D364AFCD2733AEEB003D59BB /* Info.plist */ = {isa = PBXFileReference; lastKnownFileType = text.plist.xml; path = Info.plist; sourceTree = "<group>"; };
		D364AFD22733AEEB003D59BB /* spotifyTests.xctest */ = {isa = PBXFileReference; explicitFileType = wrapper.cfbundle; includeInIndex = 0; path = spotifyTests.xctest; sourceTree = BUILT_PRODUCTS_DIR; };
		D364AFD62733AEEB003D59BB /* spotifyTests.swift */ = {isa = PBXFileReference; lastKnownFileType = sourcecode.swift; path = spotifyTests.swift; sourceTree = "<group>"; };
		D364AFDC2733AEEB003D59BB /* spotifyUITests.xctest */ = {isa = PBXFileReference; explicitFileType = wrapper.cfbundle; includeInIndex = 0; path = spotifyUITests.xctest; sourceTree = BUILT_PRODUCTS_DIR; };
		D364AFE02733AEEB003D59BB /* spotifyUITests.swift */ = {isa = PBXFileReference; lastKnownFileType = sourcecode.swift; path = spotifyUITests.swift; sourceTree = "<group>"; };
		D364AFE22733AEEB003D59BB /* spotifyUITestsLaunchTests.swift */ = {isa = PBXFileReference; lastKnownFileType = sourcecode.swift; path = spotifyUITestsLaunchTests.swift; sourceTree = "<group>"; };
/* End PBXFileReference section */

/* Begin PBXFrameworksBuildPhase section */
		D364AFB92733AEEA003D59BB /* Frameworks */ = {
			isa = PBXFrameworksBuildPhase;
			buildActionMask = 2147483647;
			files = (
			);
			runOnlyForDeploymentPostprocessing = 0;
		};
		D364AFCF2733AEEB003D59BB /* Frameworks */ = {
			isa = PBXFrameworksBuildPhase;
			buildActionMask = 2147483647;
			files = (
			);
			runOnlyForDeploymentPostprocessing = 0;
		};
		D364AFD92733AEEB003D59BB /* Frameworks */ = {
			isa = PBXFrameworksBuildPhase;
			buildActionMask = 2147483647;
			files = (
			);
			runOnlyForDeploymentPostprocessing = 0;
		};
/* End PBXFrameworksBuildPhase section */

/* Begin PBXGroup section */
		D364AFB32733AEEA003D59BB = {
			isa = PBXGroup;
			children = (
				D364AFBE2733AEEA003D59BB /* spotify */,
				D364AFD52733AEEB003D59BB /* spotifyTests */,
				D364AFDF2733AEEB003D59BB /* spotifyUITests */,
				D364AFBD2733AEEA003D59BB /* Products */,
			);
			sourceTree = "<group>";
		};
		D364AFBD2733AEEA003D59BB /* Products */ = {
			isa = PBXGroup;
			children = (
				D364AFBC2733AEEA003D59BB /* spotify.app */,
				D364AFD22733AEEB003D59BB /* spotifyTests.xctest */,
				D364AFDC2733AEEB003D59BB /* spotifyUITests.xctest */,
			);
			name = Products;
			sourceTree = "<group>";
		};
		D364AFBE2733AEEA003D59BB /* spotify */ = {
			isa = PBXGroup;
			children = (
				D364AFBF2733AEEA003D59BB /* AppDelegate.swift */,
				D364AFC12733AEEA003D59BB /* SceneDelegate.swift */,
				D364AFC32733AEEA003D59BB /* ViewController.swift */,
				D364AFC52733AEEA003D59BB /* Main.storyboard */,
				D364AFC82733AEEB003D59BB /* Assets.xcassets */,
				D364AFCA2733AEEB003D59BB /* LaunchScreen.storyboard */,
				D364AFCD2733AEEB003D59BB /* Info.plist */,
			);
			path = spotify;
			sourceTree = "<group>";
		};
		D364AFD52733AEEB003D59BB /* spotifyTests */ = {
			isa = PBXGroup;
			children = (
				D364AFD62733AEEB003D59BB /* spotifyTests.swift */,
			);
			path = spotifyTests;
			sourceTree = "<group>";
		};
		D364AFDF2733AEEB003D59BB /* spotifyUITests */ = {
			isa = PBXGroup;
			children = (
				D364AFE02733AEEB003D59BB /* spotifyUITests.swift */,
				D364AFE22733AEEB003D59BB /* spotifyUITestsLaunchTests.swift */,
			);
			path = spotifyUITests;
			sourceTree = "<group>";
		};
/* End PBXGroup section */

/* Begin PBXNativeTarget section */
		D364AFBB2733AEEA003D59BB /* spotify */ = {
			isa = PBXNativeTarget;
			buildConfigurationList = D364AFE62733AEEB003D59BB /* Build configuration list for PBXNativeTarget "spotify" */;
			buildPhases = (
				D364AFB82733AEEA003D59BB /* Sources */,
				D364AFB92733AEEA003D59BB /* Frameworks */,
				D364AFBA2733AEEA003D59BB /* Resources */,
			);
			buildRules = (
			);
			dependencies = (
			);
			name = spotify;
			productName = spotify;
			productReference = D364AFBC2733AEEA003D59BB /* spotify.app */;
			productType = "com.apple.product-type.application";
		};
		D364AFD12733AEEB003D59BB /* spotifyTests */ = {
			isa = PBXNativeTarget;
			buildConfigurationList = D364AFE92733AEEB003D59BB /* Build configuration list for PBXNativeTarget "spotifyTests" */;
			buildPhases = (
				D364AFCE2733AEEB003D59BB /* Sources */,
				D364AFCF2733AEEB003D59BB /* Frameworks */,
				D364AFD02733AEEB003D59BB /* Resources */,
			);
			buildRules = (
			);
			dependencies = (
				D364AFD42733AEEB003D59BB /* PBXTargetDependency */,
			);
			name = spotifyTests;
			productName = spotifyTests;
			productReference = D364AFD22733AEEB003D59BB /* spotifyTests.xctest */;
			productType = "com.apple.product-type.bundle.unit-test";
		};
		D364AFDB2733AEEB003D59BB /* spotifyUITests */ = {
			isa = PBXNativeTarget;
			buildConfigurationList = D364AFEC2733AEEB003D59BB /* Build configuration list for PBXNativeTarget "spotifyUITests" */;
			buildPhases = (
				D364AFD82733AEEB003D59BB /* Sources */,
				D364AFD92733AEEB003D59BB /* Frameworks */,
				D364AFDA2733AEEB003D59BB /* Resources */,
			);
			buildRules = (
			);
			dependencies = (
				D364AFDE2733AEEB003D59BB /* PBXTargetDependency */,
			);
			name = spotifyUITests;
			productName = spotifyUITests;
			productReference = D364AFDC2733AEEB003D59BB /* spotifyUITests.xctest */;
			productType = "com.apple.product-type.bundle.ui-testing";
		};
/* End PBXNativeTarget section */

/* Begin PBXProject section */
		D364AFB42733AEEA003D59BB /* Project object */ = {
			isa = PBXProject;
			attributes = {
				BuildIndependentTargetsInParallel = 1;
				LastSwiftUpdateCheck = 1300;
				LastUpgradeCheck = 1300;
				TargetAttributes = {
					D364AFBB2733AEEA003D59BB = {
						CreatedOnToolsVersion = 13.0;
					};
					D364AFD12733AEEB003D59BB = {
						CreatedOnToolsVersion = 13.0;
						TestTargetID = D364AFBB2733AEEA003D59BB;
					};
					D364AFDB2733AEEB003D59BB = {
						CreatedOnToolsVersion = 13.0;
						TestTargetID = D364AFBB2733AEEA003D59BB;
					};
				};
			};
			buildConfigurationList = D364AFB72733AEEA003D59BB /* Build configuration list for PBXProject "spotify" */;
			compatibilityVersion = "Xcode 13.0";
			developmentRegion = en;
			hasScannedForEncodings = 0;
			knownRegions = (
				en,
				Base,
			);
			mainGroup = D364AFB32733AEEA003D59BB;
			productRefGroup = D364AFBD2733AEEA003D59BB /* Products */;
			projectDirPath = "";
			projectRoot = "";
			targets = (
				D364AFBB2733AEEA003D59BB /* spotify */,
				D364AFD12733AEEB003D59BB /* spotifyTests */,
				D364AFDB2733AEEB003D59BB /* spotifyUITests */,
			);
		};
/* End PBXProject section */

/* Begin PBXResourcesBuildPhase section */
		D364AFBA2733AEEA003D59BB /* Resources */ = {
			isa = PBXResourcesBuildPhase;
			buildActionMask = 2147483647;
			files = (
				D364AFCC2733AEEB003D59BB /* LaunchScreen.storyboard in Resources */,
				D364AFC92733AEEB003D59BB /* Assets.xcassets in Resources */,
				D364AFC72733AEEA003D59BB /* Main.storyboard in Resources */,
			);
			runOnlyForDeploymentPostprocessing = 0;
		};
		D364AFD02733AEEB003D59BB /* Resources */ = {
			isa = PBXResourcesBuildPhase;
			buildActionMask = 2147483647;
			files = (
			);
			runOnlyForDeploymentPostprocessing = 0;
		};
		D364AFDA2733AEEB003D59BB /* Resources */ = {
			isa = PBXResourcesBuildPhase;
			buildActionMask = 2147483647;
			files = (
			);
			runOnlyForDeploymentPostprocessing = 0;
		};
/* End PBXResourcesBuildPhase section */

/* Begin PBXSourcesBuildPhase section */
		D364AFB82733AEEA003D59BB /* Sources */ = {
			isa = PBXSourcesBuildPhase;
			buildActionMask = 2147483647;
			files = (
				D364AFC42733AEEA003D59BB /* ViewController.swift in Sources */,
				D364AFC02733AEEA003D59BB /* AppDelegate.swift in Sources */,
				D364AFC22733AEEA003D59BB /* SceneDelegate.swift in Sources */,
			);
			runOnlyForDeploymentPostprocessing = 0;
		};
		D364AFCE2733AEEB003D59BB /* Sources */ = {
			isa = PBXSourcesBuildPhase;
			buildActionMask = 2147483647;
			files = (
				D364AFD72733AEEB003D59BB /* spotifyTests.swift in Sources */,
			);
			runOnlyForDeploymentPostprocessing = 0;
		};
		D364AFD82733AEEB003D59BB /* Sources */ = {
			isa = PBXSourcesBuildPhase;
			buildActionMask = 2147483647;
			files = (
				D364AFE12733AEEB003D59BB /* spotifyUITests.swift in Sources */,
				D364AFE32733AEEB003D59BB /* spotifyUITestsLaunchTests.swift in Sources */,
			);
			runOnlyForDeploymentPostprocessing = 0;
		};
/* End PBXSourcesBuildPhase section */

/* Begin PBXTargetDependency section */
		D364AFD42733AEEB003D59BB /* PBXTargetDependency */ = {
			isa = PBXTargetDependency;
			target = D364AFBB2733AEEA003D59BB /* spotify */;
			targetProxy = D364AFD32733AEEB003D59BB /* PBXContainerItemProxy */;
		};
		D364AFDE2733AEEB003D59BB /* PBXTargetDependency */ = {
			isa = PBXTargetDependency;
			target = D364AFBB2733AEEA003D59BB /* spotify */;
			targetProxy = D364AFDD2733AEEB003D59BB /* PBXContainerItemProxy */;
		};
/* End PBXTargetDependency section */

/* Begin PBXVariantGroup section */
		D364AFC52733AEEA003D59BB /* Main.storyboard */ = {
			isa = PBXVariantGroup;
			children = (
				D364AFC62733AEEA003D59BB /* Base */,
			);
			name = Main.storyboard;
			sourceTree = "<group>";
		};
		D364AFCA2733AEEB003D59BB /* LaunchScreen.storyboard */ = {
			isa = PBXVariantGroup;
			children = (
				D364AFCB2733AEEB003D59BB /* Base */,
			);
			name = LaunchScreen.storyboard;
			sourceTree = "<group>";
		};
/* End PBXVariantGroup section */

/* Begin XCBuildConfiguration section */
		D364AFE42733AEEB003D59BB /* Debug */ = {
			isa = XCBuildConfiguration;
			buildSettings = {
				ALWAYS_SEARCH_USER_PATHS = NO;
				CLANG_ANALYZER_NONNULL = YES;
				CLANG_ANALYZER_NUMBER_OBJECT_CONVERSION = YES_AGGRESSIVE;
				CLANG_CXX_LANGUAGE_STANDARD = "gnu++17";
				CLANG_CXX_LIBRARY = "libc++";
				CLANG_ENABLE_MODULES = YES;
				CLANG_ENABLE_OBJC_ARC = YES;
				CLANG_ENABLE_OBJC_WEAK = YES;
				CLANG_WARN_BLOCK_CAPTURE_AUTORELEASING = YES;
				CLANG_WARN_BOOL_CONVERSION = YES;
				CLANG_WARN_COMMA = YES;
				CLANG_WARN_CONSTANT_CONVERSION = YES;
				CLANG_WARN_DEPRECATED_OBJC_IMPLEMENTATIONS = YES;
				CLANG_WARN_DIRECT_OBJC_ISA_USAGE = YES_ERROR;
				CLANG_WARN_DOCUMENTATION_COMMENTS = YES;
				CLANG_WARN_EMPTY_BODY = YES;
				CLANG_WARN_ENUM_CONVERSION = YES;
				CLANG_WARN_INFINITE_RECURSION = YES;
				CLANG_WARN_INT_CONVERSION = YES;
				CLANG_WARN_NON_LITERAL_NULL_CONVERSION = YES;
				CLANG_WARN_OBJC_IMPLICIT_RETAIN_SELF = YES;
				CLANG_WARN_OBJC_LITERAL_CONVERSION = YES;
				CLANG_WARN_OBJC_ROOT_CLASS = YES_ERROR;
				CLANG_WARN_QUOTED_INCLUDE_IN_FRAMEWORK_HEADER = YES;
				CLANG_WARN_RANGE_LOOP_ANALYSIS = YES;
				CLANG_WARN_STRICT_PROTOTYPES = YES;
				CLANG_WARN_SUSPICIOUS_MOVE = YES;
				CLANG_WARN_UNGUARDED_AVAILABILITY = YES_AGGRESSIVE;
				CLANG_WARN_UNREACHABLE_CODE = YES;
				CLANG_WARN__DUPLICATE_METHOD_MATCH = YES;
				COPY_PHASE_STRIP = NO;
				DEBUG_INFORMATION_FORMAT = dwarf;
				ENABLE_STRICT_OBJC_MSGSEND = YES;
				ENABLE_TESTABILITY = YES;
				GCC_C_LANGUAGE_STANDARD = gnu11;
				GCC_DYNAMIC_NO_PIC = NO;
				GCC_NO_COMMON_BLOCKS = YES;
				GCC_OPTIMIZATION_LEVEL = 0;
				GCC_PREPROCESSOR_DEFINITIONS = (
					"DEBUG=1",
					"$(inherited)",
				);
				GCC_WARN_64_TO_32_BIT_CONVERSION = YES;
				GCC_WARN_ABOUT_RETURN_TYPE = YES_ERROR;
				GCC_WARN_UNDECLARED_SELECTOR = YES;
				GCC_WARN_UNINITIALIZED_AUTOS = YES_AGGRESSIVE;
				GCC_WARN_UNUSED_FUNCTION = YES;
				GCC_WARN_UNUSED_VARIABLE = YES;
				IPHONEOS_DEPLOYMENT_TARGET = 15.0;
				MTL_ENABLE_DEBUG_INFO = INCLUDE_SOURCE;
				MTL_FAST_MATH = YES;
				ONLY_ACTIVE_ARCH = YES;
				SDKROOT = iphoneos;
				SWIFT_ACTIVE_COMPILATION_CONDITIONS = DEBUG;
				SWIFT_OPTIMIZATION_LEVEL = "-Onone";
			};
			name = Debug;
		};
		D364AFE52733AEEB003D59BB /* Release */ = {
			isa = XCBuildConfiguration;
			buildSettings = {
				ALWAYS_SEARCH_USER_PATHS = NO;
				CLANG_ANALYZER_NONNULL = YES;
				CLANG_ANALYZER_NUMBER_OBJECT_CONVERSION = YES_AGGRESSIVE;
				CLANG_CXX_LANGUAGE_STANDARD = "gnu++17";
				CLANG_CXX_LIBRARY = "libc++";
				CLANG_ENABLE_MODULES = YES;
				CLANG_ENABLE_OBJC_ARC = YES;
				CLANG_ENABLE_OBJC_WEAK = YES;
				CLANG_WARN_BLOCK_CAPTURE_AUTORELEASING = YES;
				CLANG_WARN_BOOL_CONVERSION = YES;
				CLANG_WARN_COMMA = YES;
				CLANG_WARN_CONSTANT_CONVERSION = YES;
				CLANG_WARN_DEPRECATED_OBJC_IMPLEMENTATIONS = YES;
				CLANG_WARN_DIRECT_OBJC_ISA_USAGE = YES_ERROR;
				CLANG_WARN_DOCUMENTATION_COMMENTS = YES;
				CLANG_WARN_EMPTY_BODY = YES;
				CLANG_WARN_ENUM_CONVERSION = YES;
				CLANG_WARN_INFINITE_RECURSION = YES;
				CLANG_WARN_INT_CONVERSION = YES;
				CLANG_WARN_NON_LITERAL_NULL_CONVERSION = YES;
				CLANG_WARN_OBJC_IMPLICIT_RETAIN_SELF = YES;
				CLANG_WARN_OBJC_LITERAL_CONVERSION = YES;
				CLANG_WARN_OBJC_ROOT_CLASS = YES_ERROR;
				CLANG_WARN_QUOTED_INCLUDE_IN_FRAMEWORK_HEADER = YES;
				CLANG_WARN_RANGE_LOOP_ANALYSIS = YES;
				CLANG_WARN_STRICT_PROTOTYPES = YES;
				CLANG_WARN_SUSPICIOUS_MOVE = YES;
				CLANG_WARN_UNGUARDED_AVAILABILITY = YES_AGGRESSIVE;
				CLANG_WARN_UNREACHABLE_CODE = YES;
				CLANG_WARN__DUPLICATE_METHOD_MATCH = YES;
				COPY_PHASE_STRIP = NO;
				DEBUG_INFORMATION_FORMAT = "dwarf-with-dsym";
				ENABLE_NS_ASSERTIONS = NO;
				ENABLE_STRICT_OBJC_MSGSEND = YES;
				GCC_C_LANGUAGE_STANDARD = gnu11;
				GCC_NO_COMMON_BLOCKS = YES;
				GCC_WARN_64_TO_32_BIT_CONVERSION = YES;
				GCC_WARN_ABOUT_RETURN_TYPE = YES_ERROR;
				GCC_WARN_UNDECLARED_SELECTOR = YES;
				GCC_WARN_UNINITIALIZED_AUTOS = YES_AGGRESSIVE;
				GCC_WARN_UNUSED_FUNCTION = YES;
				GCC_WARN_UNUSED_VARIABLE = YES;
				IPHONEOS_DEPLOYMENT_TARGET = 15.0;
				MTL_ENABLE_DEBUG_INFO = NO;
				MTL_FAST_MATH = YES;
				SDKROOT = iphoneos;
				SWIFT_COMPILATION_MODE = wholemodule;
				SWIFT_OPTIMIZATION_LEVEL = "-O";
				VALIDATE_PRODUCT = YES;
			};
			name = Release;
		};
		D364AFE72733AEEB003D59BB /* Debug */ = {
			isa = XCBuildConfiguration;
			buildSettings = {
				ASSETCATALOG_COMPILER_APPICON_NAME = AppIcon;
				ASSETCATALOG_COMPILER_GLOBAL_ACCENT_COLOR_NAME = AccentColor;
				CODE_SIGN_STYLE = Automatic;
				CURRENT_PROJECT_VERSION = 1;
				GENERATE_INFOPLIST_FILE = YES;
				INFOPLIST_FILE = spotify/Info.plist;
				INFOPLIST_KEY_UIApplicationSupportsIndirectInputEvents = YES;
				INFOPLIST_KEY_UILaunchStoryboardName = LaunchScreen;
				INFOPLIST_KEY_UIMainStoryboardFile = Main;
				INFOPLIST_KEY_UISupportedInterfaceOrientations = "UIInterfaceOrientationPortrait UIInterfaceOrientationLandscapeLeft UIInterfaceOrientationLandscapeRight";
				INFOPLIST_KEY_UISupportedInterfaceOrientations_iPad = "UIInterfaceOrientationPortrait UIInterfaceOrientationPortraitUpsideDown UIInterfaceOrientationLandscapeLeft UIInterfaceOrientationLandscapeRight";
				INFOPLIST_KEY_UISupportedInterfaceOrientations_iPhone = "UIInterfaceOrientationPortrait UIInterfaceOrientationLandscapeLeft UIInterfaceOrientationLandscapeRight";
				LD_RUNPATH_SEARCH_PATHS = (
					"$(inherited)",
					"@executable_path/Frameworks",
				);
				MARKETING_VERSION = 1.0;
				PRODUCT_BUNDLE_IDENTIFIER = com.test.spotify;
				PRODUCT_NAME = "$(TARGET_NAME)";
				SWIFT_EMIT_LOC_STRINGS = YES;
				SWIFT_VERSION = 5.0;
				TARGETED_DEVICE_FAMILY = 1;
			};
			name = Debug;
		};
		D364AFE82733AEEB003D59BB /* Release */ = {
			isa = XCBuildConfiguration;
			buildSettings = {
				ASSETCATALOG_COMPILER_APPICON_NAME = AppIcon;
				ASSETCATALOG_COMPILER_GLOBAL_ACCENT_COLOR_NAME = AccentColor;
				CODE_SIGN_STYLE = Automatic;
				CURRENT_PROJECT_VERSION = 1;
				GENERATE_INFOPLIST_FILE = YES;
				INFOPLIST_FILE = spotify/Info.plist;
				INFOPLIST_KEY_UIApplicationSupportsIndirectInputEvents = YES;
				INFOPLIST_KEY_UILaunchStoryboardName = LaunchScreen;
				INFOPLIST_KEY_UIMainStoryboardFile = Main;
				INFOPLIST_KEY_UISupportedInterfaceOrientations = "UIInterfaceOrientationPortrait UIInterfaceOrientationLandscapeLeft UIInterfaceOrientationLandscapeRight";
				INFOPLIST_KEY_UISupportedInterfaceOrientations_iPad = "UIInterfaceOrientationPortrait UIInterfaceOrientationPortraitUpsideDown UIInterfaceOrientationLandscapeLeft UIInterfaceOrientationLandscapeRight";
				INFOPLIST_KEY_UISupportedInterfaceOrientations_iPhone = "UIInterfaceOrientationPortrait UIInterfaceOrientationLandscapeLeft UIInterfaceOrientationLandscapeRight";
				LD_RUNPATH_SEARCH_PATHS = (
					"$(inherited)",
					"@executable_path/Frameworks",
				);
				MARKETING_VERSION = 1.0;
				PRODUCT_BUNDLE_IDENTIFIER = com.test.spotify;
				PRODUCT_NAME = "$(TARGET_NAME)";
				SWIFT_EMIT_LOC_STRINGS = YES;
				SWIFT_VERSION = 5.0;
				TARGETED_DEVICE_FAMILY = 1;
			};
			name = Release;
		};
		D364AFEA2733AEEB003D59BB /* Debug */ = {
			isa = XCBuildConfiguration;
			buildSettings = {
				ALWAYS_EMBED_SWIFT_STANDARD_LIBRARIES = YES;
				BUNDLE_LOADER = "$(TEST_HOST)";
				CODE_SIGN_STYLE = Automatic;
				CURRENT_PROJECT_VERSION = 1;
				GENERATE_INFOPLIST_FILE = YES;
				IPHONEOS_DEPLOYMENT_TARGET = 15.0;
				LD_RUNPATH_SEARCH_PATHS = (
					"$(inherited)",
					"@executable_path/Frameworks",
					"@loader_path/Frameworks",
				);
				MARKETING_VERSION = 1.0;
				PRODUCT_BUNDLE_IDENTIFIER = com.test.spotifyTests;
				PRODUCT_NAME = "$(TARGET_NAME)";
				SWIFT_EMIT_LOC_STRINGS = NO;
				SWIFT_VERSION = 5.0;
				TARGETED_DEVICE_FAMILY = "1,2";
				TEST_HOST = "$(BUILT_PRODUCTS_DIR)/spotify.app/spotify";
			};
			name = Debug;
		};
		D364AFEB2733AEEB003D59BB /* Release */ = {
			isa = XCBuildConfiguration;
			buildSettings = {
				ALWAYS_EMBED_SWIFT_STANDARD_LIBRARIES = YES;
				BUNDLE_LOADER = "$(TEST_HOST)";
				CODE_SIGN_STYLE = Automatic;
				CURRENT_PROJECT_VERSION = 1;
				GENERATE_INFOPLIST_FILE = YES;
				IPHONEOS_DEPLOYMENT_TARGET = 15.0;
				LD_RUNPATH_SEARCH_PATHS = (
					"$(inherited)",
					"@executable_path/Frameworks",
					"@loader_path/Frameworks",
				);
				MARKETING_VERSION = 1.0;
				PRODUCT_BUNDLE_IDENTIFIER = com.test.spotifyTests;
				PRODUCT_NAME = "$(TARGET_NAME)";
				SWIFT_EMIT_LOC_STRINGS = NO;
				SWIFT_VERSION = 5.0;
				TARGETED_DEVICE_FAMILY = "1,2";
				TEST_HOST = "$(BUILT_PRODUCTS_DIR)/spotify.app/spotify";
			};
			name = Release;
		};
		D364AFED2733AEEB003D59BB /* Debug */ = {
			isa = XCBuildConfiguration;
			buildSettings = {
				ALWAYS_EMBED_SWIFT_STANDARD_LIBRARIES = YES;
				CODE_SIGN_STYLE = Automatic;
				CURRENT_PROJECT_VERSION = 1;
				GENERATE_INFOPLIST_FILE = YES;
				LD_RUNPATH_SEARCH_PATHS = (
					"$(inherited)",
					"@executable_path/Frameworks",
					"@loader_path/Frameworks",
				);
				MARKETING_VERSION = 1.0;
				PRODUCT_BUNDLE_IDENTIFIER = com.test.spotifyUITests;
				PRODUCT_NAME = "$(TARGET_NAME)";
				SWIFT_EMIT_LOC_STRINGS = NO;
				SWIFT_VERSION = 5.0;
				TARGETED_DEVICE_FAMILY = "1,2";
				TEST_TARGET_NAME = spotify;
			};
			name = Debug;
		};
		D364AFEE2733AEEB003D59BB /* Release */ = {
			isa = XCBuildConfiguration;
			buildSettings = {
				ALWAYS_EMBED_SWIFT_STANDARD_LIBRARIES = YES;
				CODE_SIGN_STYLE = Automatic;
				CURRENT_PROJECT_VERSION = 1;
				GENERATE_INFOPLIST_FILE = YES;
				LD_RUNPATH_SEARCH_PATHS = (
					"$(inherited)",
					"@executable_path/Frameworks",
					"@loader_path/Frameworks",
				);
				MARKETING_VERSION = 1.0;
				PRODUCT_BUNDLE_IDENTIFIER = com.test.spotifyUITests;
				PRODUCT_NAME = "$(TARGET_NAME)";
				SWIFT_EMIT_LOC_STRINGS = NO;
				SWIFT_VERSION = 5.0;
				TARGETED_DEVICE_FAMILY = "1,2";
				TEST_TARGET_NAME = spotify;
			};
			name = Release;
		};
/* End XCBuildConfiguration section */

/* Begin XCConfigurationList section */
		D364AFB72733AEEA003D59BB /* Build configuration list for PBXProject "spotify" */ = {
			isa = XCConfigurationList;
			buildConfigurations = (
				D364AFE42733AEEB003D59BB /* Debug */,
				D364AFE52733AEEB003D59BB /* Release */,
			);
			defaultConfigurationIsVisible = 0;
			defaultConfigurationName = Release;
		};
		D364AFE62733AEEB003D59BB /* Build configuration list for PBXNativeTarget "spotify" */ = {
			isa = XCConfigurationList;
			buildConfigurations = (
				D364AFE72733AEEB003D59BB /* Debug */,
				D364AFE82733AEEB003D59BB /* Release */,
			);
			defaultConfigurationIsVisible = 0;
			defaultConfigurationName = Release;
		};
		D364AFE92733AEEB003D59BB /* Build configuration list for PBXNativeTarget "spotifyTests" */ = {
			isa = XCConfigurationList;
			buildConfigurations = (
				D364AFEA2733AEEB003D59BB /* Debug */,
				D364AFEB2733AEEB003D59BB /* Release */,
			);
			defaultConfigurationIsVisible = 0;
			defaultConfigurationName = Release;
		};
		D364AFEC2733AEEB003D59BB /* Build configuration list for PBXNativeTarget "spotifyUITests" */ = {
			isa = XCConfigurationList;
			buildConfigurations = (
				D364AFED2733AEEB003D59BB /* Debug */,
				D364AFEE2733AEEB003D59BB /* Release */,
			);
			defaultConfigurationIsVisible = 0;
			defaultConfigurationName = Release;
		};
/* End XCConfigurationList section */
	};
	rootObject = D364AFB42733AEEA003D59BB /* Project object */;
}
